
Microsoft Visual Studio Solution File, Format Version 12.00
# Visual Studio Version 16
VisualStudioVersion = 16.0.30011.22
MinimumVisualStudioVersion = 10.0.40219.1
Project("{FAE04EC0-301F-11D3-BF4B-00C04F79EFBC}") = "Sol_Demo", "Sol_Demo\Sol_Demo.csproj", "{78CA9DF5-57E7-4EE3-A1E2-E769F8878AED}"
EndProject
Global
	GlobalSection(SolutionConfigurationPlatforms) = preSolution
		Debug|Any CPU = Debug|Any CPU
		Release|Any CPU = Release|Any CPU
	EndGlobalSection
	GlobalSection(ProjectConfigurationPlatforms) = postSolution
		{78CA9DF5-57E7-4EE3-A1E2-E769F8878AED}.Debug|Any CPU.ActiveCfg = Debug|Any CPU
		{78CA9DF5-57E7-4EE3-A1E2-E769F8878AED}.Debug|Any CPU.Build.0 = Debug|Any CPU
		{78CA9DF5-57E7-4EE3-A1E2-E769F8878AED}.Release|Any CPU.ActiveCfg = Release|Any CPU
		{78CA9DF5-57E7-4EE3-A1E2-E769F8878AED}.Release|Any CPU.Build.0 = Release|Any CPU
	EndGlobalSection
	GlobalSection(SolutionProperties) = preSolution
		HideSolutionNode = FALSE
	EndGlobalSection
	GlobalSection(ExtensibilityGlobals) = postSolution
		SolutionGuid = {189B0519-2184-4FE0-A270-D58D78811BC9}
	EndGlobalSection
EndGlobal
